
Microsoft Visual Studio Solution File, Format Version 12.00
# Visual Studio Version 17
VisualStudioVersion = 17.10.35027.167
MinimumVisualStudioVersion = 10.0.40219.1
Project("{FAE04EC0-301F-11D3-BF4B-00C04F79EFBC}") = "TASK12_2", "TASK12_2.csproj", "{08BDBD08-1EC3-4076-BC8B-6073442FD8DC}"
EndProject
Global
	GlobalSection(SolutionConfigurationPlatforms) = preSolution
		Debug|Any CPU = Debug|Any CPU
		Release|Any CPU = Release|Any CPU
	EndGlobalSection
	GlobalSection(ProjectConfigurationPlatforms) = postSolution
		{08BDBD08-1EC3-4076-BC8B-6073442FD8DC}.Debug|Any CPU.ActiveCfg = Debug|Any CPU
		{08BDBD08-1EC3-4076-BC8B-6073442FD8DC}.Debug|Any CPU.Build.0 = Debug|Any CPU
		{08BDBD08-1EC3-4076-BC8B-6073442FD8DC}.Release|Any CPU.ActiveCfg = Release|Any CPU
		{08BDBD08-1EC3-4076-BC8B-6073442FD8DC}.Release|Any CPU.Build.0 = Release|Any CPU
	EndGlobalSection
	GlobalSection(SolutionProperties) = preSolution
		HideSolutionNode = FALSE
	EndGlobalSection
	GlobalSection(ExtensibilityGlobals) = postSolution
		SolutionGuid = {A0B3C1F4-AA8B-4F9E-8226-B75EF29B6B44}
	EndGlobalSection
EndGlobal
